// !$*UTF8*$!
{
	archiveVersion = 1;
	classes = {
	};
	objectVersion = 56;
	objects = {

/* Begin PBXBuildFile section */
		24A23C982BE2E2C40098E43D /* HeroSeriesView.swift in Sources */ = {isa = PBXBuildFile; fileRef = 24A23C972BE2E2C40098E43D /* HeroSeriesView.swift */; };
		24A23C9A2BE2F1AC0098E43D /* HeroSeriesRowView.swift in Sources */ = {isa = PBXBuildFile; fileRef = 24A23C992BE2F1AC0098E43D /* HeroSeriesRowView.swift */; };
		24A23C9C2BE42B770098E43D /* SeriesModel.swift in Sources */ = {isa = PBXBuildFile; fileRef = 24A23C9B2BE42B770098E43D /* SeriesModel.swift */; };
		24A23C9F2BE4445F0098E43D /* Kingfisher in Frameworks */ = {isa = PBXBuildFile; productRef = 24A23C9E2BE4445F0098E43D /* Kingfisher */; };
		24A23CA12BE5A8E00098E43D /* HeroSeriesViewModel.swift in Sources */ = {isa = PBXBuildFile; fileRef = 24A23CA02BE5A8E00098E43D /* HeroSeriesViewModel.swift */; };
		24A23CA92BE71CA60098E43D /* ViewInspector in Frameworks */ = {isa = PBXBuildFile; productRef = 24A23CA82BE71CA60098E43D /* ViewInspector */; };
		24A23CAC2BE720C70098E43D /* MockTest.swift in Sources */ = {isa = PBXBuildFile; fileRef = 24A23CAB2BE720C70098E43D /* MockTest.swift */; };
		24B95BC72BE0325F00E6C123 /* MarvelHeroesApp.swift in Sources */ = {isa = PBXBuildFile; fileRef = 24B95BC62BE0325F00E6C123 /* MarvelHeroesApp.swift */; };
		24B95BC92BE0325F00E6C123 /* ContentView.swift in Sources */ = {isa = PBXBuildFile; fileRef = 24B95BC82BE0325F00E6C123 /* ContentView.swift */; };
		24B95BCB2BE0326000E6C123 /* Assets.xcassets in Resources */ = {isa = PBXBuildFile; fileRef = 24B95BCA2BE0326000E6C123 /* Assets.xcassets */; };
		24B95BCF2BE0326000E6C123 /* Preview Assets.xcassets in Resources */ = {isa = PBXBuildFile; fileRef = 24B95BCE2BE0326000E6C123 /* Preview Assets.xcassets */; };
		24B95BD92BE0326100E6C123 /* MarvelHeroesTests.swift in Sources */ = {isa = PBXBuildFile; fileRef = 24B95BD82BE0326100E6C123 /* MarvelHeroesTests.swift */; };
		24B95BE32BE0326100E6C123 /* MarvelHeroesUITests.swift in Sources */ = {isa = PBXBuildFile; fileRef = 24B95BE22BE0326100E6C123 /* MarvelHeroesUITests.swift */; };
		24B95BE52BE0326100E6C123 /* MarvelHeroesUITestsLaunchTests.swift in Sources */ = {isa = PBXBuildFile; fileRef = 24B95BE42BE0326100E6C123 /* MarvelHeroesUITestsLaunchTests.swift */; };
		24B95BFC2BE037E300E6C123 /* HerosModel.swift in Sources */ = {isa = PBXBuildFile; fileRef = 24B95BFB2BE037E300E6C123 /* HerosModel.swift */; };
		24B95BFF2BE0517100E6C123 /* BaseNetwork.swift in Sources */ = {isa = PBXBuildFile; fileRef = 24B95BFE2BE0517100E6C123 /* BaseNetwork.swift */; };
		24B95C022BE1298900E6C123 /* LoaderView.swift in Sources */ = {isa = PBXBuildFile; fileRef = 24B95C012BE1298800E6C123 /* LoaderView.swift */; };
		24B95C072BE12BE500E6C123 /* HerosView.swift in Sources */ = {isa = PBXBuildFile; fileRef = 24B95C062BE12BE500E6C123 /* HerosView.swift */; };
		24B95C092BE12C8900E6C123 /* HerosViewModel.swift in Sources */ = {isa = PBXBuildFile; fileRef = 24B95C082BE12C8900E6C123 /* HerosViewModel.swift */; };
		24B95C0B2BE1390F00E6C123 /* HeroRowView.swift in Sources */ = {isa = PBXBuildFile; fileRef = 24B95C0A2BE1390F00E6C123 /* HeroRowView.swift */; };
/* End PBXBuildFile section */

/* Begin PBXContainerItemProxy section */
		24B95BD52BE0326100E6C123 /* PBXContainerItemProxy */ = {
			isa = PBXContainerItemProxy;
			containerPortal = 24B95BBB2BE0325F00E6C123 /* Project object */;
			proxyType = 1;
			remoteGlobalIDString = 24B95BC22BE0325F00E6C123;
			remoteInfo = MarvelHeroes;
		};
		24B95BDF2BE0326100E6C123 /* PBXContainerItemProxy */ = {
			isa = PBXContainerItemProxy;
			containerPortal = 24B95BBB2BE0325F00E6C123 /* Project object */;
			proxyType = 1;
			remoteGlobalIDString = 24B95BC22BE0325F00E6C123;
			remoteInfo = MarvelHeroes;
		};
/* End PBXContainerItemProxy section */

/* Begin PBXFileReference section */
		24A23C962BE2DFAA0098E43D /* Info.plist */ = {isa = PBXFileReference; lastKnownFileType = text.plist; path = Info.plist; sourceTree = "<group>"; };
		24A23C972BE2E2C40098E43D /* HeroSeriesView.swift */ = {isa = PBXFileReference; lastKnownFileType = sourcecode.swift; path = HeroSeriesView.swift; sourceTree = "<group>"; };
		24A23C992BE2F1AC0098E43D /* HeroSeriesRowView.swift */ = {isa = PBXFileReference; lastKnownFileType = sourcecode.swift; path = HeroSeriesRowView.swift; sourceTree = "<group>"; };
		24A23C9B2BE42B770098E43D /* SeriesModel.swift */ = {isa = PBXFileReference; lastKnownFileType = sourcecode.swift; path = SeriesModel.swift; sourceTree = "<group>"; };
		24A23CA02BE5A8E00098E43D /* HeroSeriesViewModel.swift */ = {isa = PBXFileReference; lastKnownFileType = sourcecode.swift; path = HeroSeriesViewModel.swift; sourceTree = "<group>"; };
		24A23CAB2BE720C70098E43D /* MockTest.swift */ = {isa = PBXFileReference; lastKnownFileType = sourcecode.swift; path = MockTest.swift; sourceTree = "<group>"; };
		24B95BC32BE0325F00E6C123 /* MarvelHeroes.app */ = {isa = PBXFileReference; explicitFileType = wrapper.application; includeInIndex = 0; path = MarvelHeroes.app; sourceTree = BUILT_PRODUCTS_DIR; };
		24B95BC62BE0325F00E6C123 /* MarvelHeroesApp.swift */ = {isa = PBXFileReference; lastKnownFileType = sourcecode.swift; path = MarvelHeroesApp.swift; sourceTree = "<group>"; };
		24B95BC82BE0325F00E6C123 /* ContentView.swift */ = {isa = PBXFileReference; lastKnownFileType = sourcecode.swift; path = ContentView.swift; sourceTree = "<group>"; };
		24B95BCA2BE0326000E6C123 /* Assets.xcassets */ = {isa = PBXFileReference; lastKnownFileType = folder.assetcatalog; path = Assets.xcassets; sourceTree = "<group>"; };
		24B95BCC2BE0326000E6C123 /* MarvelHeroes.entitlements */ = {isa = PBXFileReference; lastKnownFileType = text.plist.entitlements; path = MarvelHeroes.entitlements; sourceTree = "<group>"; };
		24B95BCE2BE0326000E6C123 /* Preview Assets.xcassets */ = {isa = PBXFileReference; lastKnownFileType = folder.assetcatalog; path = "Preview Assets.xcassets"; sourceTree = "<group>"; };
		24B95BD42BE0326100E6C123 /* MarvelHeroesTests.xctest */ = {isa = PBXFileReference; explicitFileType = wrapper.cfbundle; includeInIndex = 0; path = MarvelHeroesTests.xctest; sourceTree = BUILT_PRODUCTS_DIR; };
		24B95BD82BE0326100E6C123 /* MarvelHeroesTests.swift */ = {isa = PBXFileReference; lastKnownFileType = sourcecode.swift; path = MarvelHeroesTests.swift; sourceTree = "<group>"; };
		24B95BDE2BE0326100E6C123 /* MarvelHeroesUITests.xctest */ = {isa = PBXFileReference; explicitFileType = wrapper.cfbundle; includeInIndex = 0; path = MarvelHeroesUITests.xctest; sourceTree = BUILT_PRODUCTS_DIR; };
		24B95BE22BE0326100E6C123 /* MarvelHeroesUITests.swift */ = {isa = PBXFileReference; lastKnownFileType = sourcecode.swift; path = MarvelHeroesUITests.swift; sourceTree = "<group>"; };
		24B95BE42BE0326100E6C123 /* MarvelHeroesUITestsLaunchTests.swift */ = {isa = PBXFileReference; lastKnownFileType = sourcecode.swift; path = MarvelHeroesUITestsLaunchTests.swift; sourceTree = "<group>"; };
		24B95BFB2BE037E300E6C123 /* HerosModel.swift */ = {isa = PBXFileReference; lastKnownFileType = sourcecode.swift; path = HerosModel.swift; sourceTree = "<group>"; };
		24B95BFE2BE0517100E6C123 /* BaseNetwork.swift */ = {isa = PBXFileReference; lastKnownFileType = sourcecode.swift; path = BaseNetwork.swift; sourceTree = "<group>"; };
		24B95C012BE1298800E6C123 /* LoaderView.swift */ = {isa = PBXFileReference; lastKnownFileType = sourcecode.swift; path = LoaderView.swift; sourceTree = "<group>"; };
		24B95C062BE12BE500E6C123 /* HerosView.swift */ = {isa = PBXFileReference; lastKnownFileType = sourcecode.swift; path = HerosView.swift; sourceTree = "<group>"; };
		24B95C082BE12C8900E6C123 /* HerosViewModel.swift */ = {isa = PBXFileReference; lastKnownFileType = sourcecode.swift; path = HerosViewModel.swift; sourceTree = "<group>"; };
		24B95C0A2BE1390F00E6C123 /* HeroRowView.swift */ = {isa = PBXFileReference; lastKnownFileType = sourcecode.swift; path = HeroRowView.swift; sourceTree = "<group>"; };
/* End PBXFileReference section */

/* Begin PBXFrameworksBuildPhase section */
		24B95BC02BE0325F00E6C123 /* Frameworks */ = {
			isa = PBXFrameworksBuildPhase;
			buildActionMask = 2147483647;
			files = (
				24A23C9F2BE4445F0098E43D /* Kingfisher in Frameworks */,
			);
			runOnlyForDeploymentPostprocessing = 0;
		};
		24B95BD12BE0326100E6C123 /* Frameworks */ = {
			isa = PBXFrameworksBuildPhase;
			buildActionMask = 2147483647;
			files = (
				24A23CA92BE71CA60098E43D /* ViewInspector in Frameworks */,
			);
			runOnlyForDeploymentPostprocessing = 0;
		};
		24B95BDB2BE0326100E6C123 /* Frameworks */ = {
			isa = PBXFrameworksBuildPhase;
			buildActionMask = 2147483647;
			files = (
			);
			runOnlyForDeploymentPostprocessing = 0;
		};
/* End PBXFrameworksBuildPhase section */

/* Begin PBXGroup section */
		24A23CA22BE632980098E43D /* Series */ = {
			isa = PBXGroup;
			children = (
				24A23C972BE2E2C40098E43D /* HeroSeriesView.swift */,
				24A23C992BE2F1AC0098E43D /* HeroSeriesRowView.swift */,
			);
			path = Series;
			sourceTree = "<group>";
		};
		24A23CAA2BE71FEB0098E43D /* Tools */ = {
			isa = PBXGroup;
			children = (
				24A23CAB2BE720C70098E43D /* MockTest.swift */,
			);
			path = Tools;
			sourceTree = "<group>";
		};
		24B95BBA2BE0325F00E6C123 = {
			isa = PBXGroup;
			children = (
				24B95BC52BE0325F00E6C123 /* MarvelHeroes */,
				24B95BD72BE0326100E6C123 /* MarvelHeroesTests */,
				24B95BE12BE0326100E6C123 /* MarvelHeroesUITests */,
				24B95BC42BE0325F00E6C123 /* Products */,
			);
			sourceTree = "<group>";
		};
		24B95BC42BE0325F00E6C123 /* Products */ = {
			isa = PBXGroup;
			children = (
				24B95BC32BE0325F00E6C123 /* MarvelHeroes.app */,
				24B95BD42BE0326100E6C123 /* MarvelHeroesTests.xctest */,
				24B95BDE2BE0326100E6C123 /* MarvelHeroesUITests.xctest */,
			);
			name = Products;
			sourceTree = "<group>";
		};
		24B95BC52BE0325F00E6C123 /* MarvelHeroes */ = {
			isa = PBXGroup;
			children = (
				24A23C962BE2DFAA0098E43D /* Info.plist */,
				24B95BF12BE0331500E6C123 /* Shared */,
				24B95BC62BE0325F00E6C123 /* MarvelHeroesApp.swift */,
				24B95BC82BE0325F00E6C123 /* ContentView.swift */,
				24B95BCA2BE0326000E6C123 /* Assets.xcassets */,
				24B95BCC2BE0326000E6C123 /* MarvelHeroes.entitlements */,
				24B95BCD2BE0326000E6C123 /* Preview Content */,
			);
			path = MarvelHeroes;
			sourceTree = "<group>";
		};
		24B95BCD2BE0326000E6C123 /* Preview Content */ = {
			isa = PBXGroup;
			children = (
				24B95BCE2BE0326000E6C123 /* Preview Assets.xcassets */,
			);
			path = "Preview Content";
			sourceTree = "<group>";
		};
		24B95BD72BE0326100E6C123 /* MarvelHeroesTests */ = {
			isa = PBXGroup;
			children = (
				24B95BD82BE0326100E6C123 /* MarvelHeroesTests.swift */,
			);
			path = MarvelHeroesTests;
			sourceTree = "<group>";
		};
		24B95BE12BE0326100E6C123 /* MarvelHeroesUITests */ = {
			isa = PBXGroup;
			children = (
				24B95BE22BE0326100E6C123 /* MarvelHeroesUITests.swift */,
				24B95BE42BE0326100E6C123 /* MarvelHeroesUITestsLaunchTests.swift */,
			);
			path = MarvelHeroesUITests;
			sourceTree = "<group>";
		};
		24B95BF12BE0331500E6C123 /* Shared */ = {
			isa = PBXGroup;
			children = (
				24B95BFD2BE0511D00E6C123 /* Services */,
				24B95BF82BE0370000E6C123 /* Models */,
				24B95BF52BE034A900E6C123 /* ViewModel */,
				24B95BF22BE0332300E6C123 /* Views */,
			);
			path = Shared;
			sourceTree = "<group>";
		};
		24B95BF22BE0332300E6C123 /* Views */ = {
			isa = PBXGroup;
			children = (
				24A23CAA2BE71FEB0098E43D /* Tools */,
				24B95C052BE12BD200E6C123 /* Heros */,
				24A23CA22BE632980098E43D /* Series */,
				24B95C012BE1298800E6C123 /* LoaderView.swift */,
			);
			path = Views;
			sourceTree = "<group>";
		};
		24B95BF52BE034A900E6C123 /* ViewModel */ = {
			isa = PBXGroup;
			children = (
				24B95C082BE12C8900E6C123 /* HerosViewModel.swift */,
				24A23CA02BE5A8E00098E43D /* HeroSeriesViewModel.swift */,
			);
			path = ViewModel;
			sourceTree = "<group>";
		};
		24B95BF82BE0370000E6C123 /* Models */ = {
			isa = PBXGroup;
			children = (
				24B95BFB2BE037E300E6C123 /* HerosModel.swift */,
				24A23C9B2BE42B770098E43D /* SeriesModel.swift */,
			);
			path = Models;
			sourceTree = "<group>";
		};
		24B95BFD2BE0511D00E6C123 /* Services */ = {
			isa = PBXGroup;
			children = (
				24B95BFE2BE0517100E6C123 /* BaseNetwork.swift */,
			);
			path = Services;
			sourceTree = "<group>";
		};
		24B95C052BE12BD200E6C123 /* Heros */ = {
			isa = PBXGroup;
			children = (
				24B95C062BE12BE500E6C123 /* HerosView.swift */,
				24B95C0A2BE1390F00E6C123 /* HeroRowView.swift */,
			);
			path = Heros;
			sourceTree = "<group>";
		};
/* End PBXGroup section */

/* Begin PBXNativeTarget section */
		24B95BC22BE0325F00E6C123 /* MarvelHeroes */ = {
			isa = PBXNativeTarget;
			buildConfigurationList = 24B95BE82BE0326100E6C123 /* Build configuration list for PBXNativeTarget "MarvelHeroes" */;
			buildPhases = (
				24B95BBF2BE0325F00E6C123 /* Sources */,
				24B95BC02BE0325F00E6C123 /* Frameworks */,
				24B95BC12BE0325F00E6C123 /* Resources */,
			);
			buildRules = (
			);
			dependencies = (
			);
			name = MarvelHeroes;
			packageProductDependencies = (
				24A23C9E2BE4445F0098E43D /* Kingfisher */,
			);
			productName = MarvelHeroes;
			productReference = 24B95BC32BE0325F00E6C123 /* MarvelHeroes.app */;
			productType = "com.apple.product-type.application";
		};
		24B95BD32BE0326100E6C123 /* MarvelHeroesTests */ = {
			isa = PBXNativeTarget;
			buildConfigurationList = 24B95BEB2BE0326100E6C123 /* Build configuration list for PBXNativeTarget "MarvelHeroesTests" */;
			buildPhases = (
				24B95BD02BE0326100E6C123 /* Sources */,
				24B95BD12BE0326100E6C123 /* Frameworks */,
				24B95BD22BE0326100E6C123 /* Resources */,
			);
			buildRules = (
			);
			dependencies = (
				24B95BD62BE0326100E6C123 /* PBXTargetDependency */,
			);
			name = MarvelHeroesTests;
			packageProductDependencies = (
				24A23CA82BE71CA60098E43D /* ViewInspector */,
			);
			productName = MarvelHeroesTests;
			productReference = 24B95BD42BE0326100E6C123 /* MarvelHeroesTests.xctest */;
			productType = "com.apple.product-type.bundle.unit-test";
		};
		24B95BDD2BE0326100E6C123 /* MarvelHeroesUITests */ = {
			isa = PBXNativeTarget;
			buildConfigurationList = 24B95BEE2BE0326100E6C123 /* Build configuration list for PBXNativeTarget "MarvelHeroesUITests" */;
			buildPhases = (
				24B95BDA2BE0326100E6C123 /* Sources */,
				24B95BDB2BE0326100E6C123 /* Frameworks */,
				24B95BDC2BE0326100E6C123 /* Resources */,
			);
			buildRules = (
			);
			dependencies = (
				24B95BE02BE0326100E6C123 /* PBXTargetDependency */,
			);
			name = MarvelHeroesUITests;
			productName = MarvelHeroesUITests;
			productReference = 24B95BDE2BE0326100E6C123 /* MarvelHeroesUITests.xctest */;
			productType = "com.apple.product-type.bundle.ui-testing";
		};
/* End PBXNativeTarget section */

/* Begin PBXProject section */
		24B95BBB2BE0325F00E6C123 /* Project object */ = {
			isa = PBXProject;
			attributes = {
				BuildIndependentTargetsInParallel = 1;
				LastSwiftUpdateCheck = 1530;
				LastUpgradeCheck = 1530;
				TargetAttributes = {
					24B95BC22BE0325F00E6C123 = {
						CreatedOnToolsVersion = 15.3;
					};
					24B95BD32BE0326100E6C123 = {
						CreatedOnToolsVersion = 15.3;
						TestTargetID = 24B95BC22BE0325F00E6C123;
					};
					24B95BDD2BE0326100E6C123 = {
						CreatedOnToolsVersion = 15.3;
						TestTargetID = 24B95BC22BE0325F00E6C123;
					};
				};
			};
			buildConfigurationList = 24B95BBE2BE0325F00E6C123 /* Build configuration list for PBXProject "MarvelHeroes" */;
			compatibilityVersion = "Xcode 14.0";
			developmentRegion = en;
			hasScannedForEncodings = 0;
			knownRegions = (
				en,
				Base,
			);
			mainGroup = 24B95BBA2BE0325F00E6C123;
			packageReferences = (
				24A23C9D2BE4445F0098E43D /* XCRemoteSwiftPackageReference "kingfisher" */,
				24A23CA72BE71CA60098E43D /* XCRemoteSwiftPackageReference "ViewInspector" */,
			);
			productRefGroup = 24B95BC42BE0325F00E6C123 /* Products */;
			projectDirPath = "";
			projectRoot = "";
			targets = (
				24B95BC22BE0325F00E6C123 /* MarvelHeroes */,
				24B95BD32BE0326100E6C123 /* MarvelHeroesTests */,
				24B95BDD2BE0326100E6C123 /* MarvelHeroesUITests */,
			);
		};
/* End PBXProject section */

/* Begin PBXResourcesBuildPhase section */
		24B95BC12BE0325F00E6C123 /* Resources */ = {
			isa = PBXResourcesBuildPhase;
			buildActionMask = 2147483647;
			files = (
				24B95BCF2BE0326000E6C123 /* Preview Assets.xcassets in Resources */,
				24B95BCB2BE0326000E6C123 /* Assets.xcassets in Resources */,
			);
			runOnlyForDeploymentPostprocessing = 0;
		};
		24B95BD22BE0326100E6C123 /* Resources */ = {
			isa = PBXResourcesBuildPhase;
			buildActionMask = 2147483647;
			files = (
			);
			runOnlyForDeploymentPostprocessing = 0;
		};
		24B95BDC2BE0326100E6C123 /* Resources */ = {
			isa = PBXResourcesBuildPhase;
			buildActionMask = 2147483647;
			files = (
			);
			runOnlyForDeploymentPostprocessing = 0;
		};
/* End PBXResourcesBuildPhase section */

/* Begin PBXSourcesBuildPhase section */
		24B95BBF2BE0325F00E6C123 /* Sources */ = {
			isa = PBXSourcesBuildPhase;
			buildActionMask = 2147483647;
			files = (
				24B95BC92BE0325F00E6C123 /* ContentView.swift in Sources */,
				24A23C982BE2E2C40098E43D /* HeroSeriesView.swift in Sources */,
				24B95C0B2BE1390F00E6C123 /* HeroRowView.swift in Sources */,
				24B95BC72BE0325F00E6C123 /* MarvelHeroesApp.swift in Sources */,
				24B95BFC2BE037E300E6C123 /* HerosModel.swift in Sources */,
				24B95C022BE1298900E6C123 /* LoaderView.swift in Sources */,
				24A23C9A2BE2F1AC0098E43D /* HeroSeriesRowView.swift in Sources */,
				24A23CA12BE5A8E00098E43D /* HeroSeriesViewModel.swift in Sources */,
				24A23C9C2BE42B770098E43D /* SeriesModel.swift in Sources */,
				24A23CAC2BE720C70098E43D /* MockTest.swift in Sources */,
				24B95C072BE12BE500E6C123 /* HerosView.swift in Sources */,
				24B95C092BE12C8900E6C123 /* HerosViewModel.swift in Sources */,
				24B95BFF2BE0517100E6C123 /* BaseNetwork.swift in Sources */,
			);
			runOnlyForDeploymentPostprocessing = 0;
		};
		24B95BD02BE0326100E6C123 /* Sources */ = {
			isa = PBXSourcesBuildPhase;
			buildActionMask = 2147483647;
			files = (
				24B95BD92BE0326100E6C123 /* MarvelHeroesTests.swift in Sources */,
			);
			runOnlyForDeploymentPostprocessing = 0;
		};
		24B95BDA2BE0326100E6C123 /* Sources */ = {
			isa = PBXSourcesBuildPhase;
			buildActionMask = 2147483647;
			files = (
				24B95BE32BE0326100E6C123 /* MarvelHeroesUITests.swift in Sources */,
				24B95BE52BE0326100E6C123 /* MarvelHeroesUITestsLaunchTests.swift in Sources */,
			);
			runOnlyForDeploymentPostprocessing = 0;
		};
/* End PBXSourcesBuildPhase section */

/* Begin PBXTargetDependency section */
		24B95BD62BE0326100E6C123 /* PBXTargetDependency */ = {
			isa = PBXTargetDependency;
			target = 24B95BC22BE0325F00E6C123 /* MarvelHeroes */;
			targetProxy = 24B95BD52BE0326100E6C123 /* PBXContainerItemProxy */;
		};
		24B95BE02BE0326100E6C123 /* PBXTargetDependency */ = {
			isa = PBXTargetDependency;
			target = 24B95BC22BE0325F00E6C123 /* MarvelHeroes */;
			targetProxy = 24B95BDF2BE0326100E6C123 /* PBXContainerItemProxy */;
		};
/* End PBXTargetDependency section */

/* Begin XCBuildConfiguration section */
		24B95BE62BE0326100E6C123 /* Debug */ = {
			isa = XCBuildConfiguration;
			buildSettings = {
				ALWAYS_SEARCH_USER_PATHS = NO;
				ASSETCATALOG_COMPILER_GENERATE_SWIFT_ASSET_SYMBOL_EXTENSIONS = YES;
				CLANG_ANALYZER_NONNULL = YES;
				CLANG_ANALYZER_NUMBER_OBJECT_CONVERSION = YES_AGGRESSIVE;
				CLANG_CXX_LANGUAGE_STANDARD = "gnu++20";
				CLANG_ENABLE_MODULES = YES;
				CLANG_ENABLE_OBJC_ARC = YES;
				CLANG_ENABLE_OBJC_WEAK = YES;
				CLANG_WARN_BLOCK_CAPTURE_AUTORELEASING = YES;
				CLANG_WARN_BOOL_CONVERSION = YES;
				CLANG_WARN_COMMA = YES;
				CLANG_WARN_CONSTANT_CONVERSION = YES;
				CLANG_WARN_DEPRECATED_OBJC_IMPLEMENTATIONS = YES;
				CLANG_WARN_DIRECT_OBJC_ISA_USAGE = YES_ERROR;
				CLANG_WARN_DOCUMENTATION_COMMENTS = YES;
				CLANG_WARN_EMPTY_BODY = YES;
				CLANG_WARN_ENUM_CONVERSION = YES;
				CLANG_WARN_INFINITE_RECURSION = YES;
				CLANG_WARN_INT_CONVERSION = YES;
				CLANG_WARN_NON_LITERAL_NULL_CONVERSION = YES;
				CLANG_WARN_OBJC_IMPLICIT_RETAIN_SELF = YES;
				CLANG_WARN_OBJC_LITERAL_CONVERSION = YES;
				CLANG_WARN_OBJC_ROOT_CLASS = YES_ERROR;
				CLANG_WARN_QUOTED_INCLUDE_IN_FRAMEWORK_HEADER = YES;
				CLANG_WARN_RANGE_LOOP_ANALYSIS = YES;
				CLANG_WARN_STRICT_PROTOTYPES = YES;
				CLANG_WARN_SUSPICIOUS_MOVE = YES;
				CLANG_WARN_UNGUARDED_AVAILABILITY = YES_AGGRESSIVE;
				CLANG_WARN_UNREACHABLE_CODE = YES;
				CLANG_WARN__DUPLICATE_METHOD_MATCH = YES;
				COPY_PHASE_STRIP = NO;
				DEBUG_INFORMATION_FORMAT = dwarf;
				ENABLE_STRICT_OBJC_MSGSEND = YES;
				ENABLE_TESTABILITY = YES;
				ENABLE_USER_SCRIPT_SANDBOXING = YES;
				GCC_C_LANGUAGE_STANDARD = gnu17;
				GCC_DYNAMIC_NO_PIC = NO;
				GCC_NO_COMMON_BLOCKS = YES;
				GCC_OPTIMIZATION_LEVEL = 0;
				GCC_PREPROCESSOR_DEFINITIONS = (
					"DEBUG=1",
					"$(inherited)",
				);
				GCC_WARN_64_TO_32_BIT_CONVERSION = YES;
				GCC_WARN_ABOUT_RETURN_TYPE = YES_ERROR;
				GCC_WARN_UNDECLARED_SELECTOR = YES;
				GCC_WARN_UNINITIALIZED_AUTOS = YES_AGGRESSIVE;
				GCC_WARN_UNUSED_FUNCTION = YES;
				GCC_WARN_UNUSED_VARIABLE = YES;
				LOCALIZATION_PREFERS_STRING_CATALOGS = YES;
				MTL_ENABLE_DEBUG_INFO = INCLUDE_SOURCE;
				MTL_FAST_MATH = YES;
				ONLY_ACTIVE_ARCH = YES;
				SWIFT_ACTIVE_COMPILATION_CONDITIONS = "DEBUG $(inherited)";
				SWIFT_OPTIMIZATION_LEVEL = "-Onone";
			};
			name = Debug;
		};
		24B95BE72BE0326100E6C123 /* Release */ = {
			isa = XCBuildConfiguration;
			buildSettings = {
				ALWAYS_SEARCH_USER_PATHS = NO;
				ASSETCATALOG_COMPILER_GENERATE_SWIFT_ASSET_SYMBOL_EXTENSIONS = YES;
				CLANG_ANALYZER_NONNULL = YES;
				CLANG_ANALYZER_NUMBER_OBJECT_CONVERSION = YES_AGGRESSIVE;
				CLANG_CXX_LANGUAGE_STANDARD = "gnu++20";
				CLANG_ENABLE_MODULES = YES;
				CLANG_ENABLE_OBJC_ARC = YES;
				CLANG_ENABLE_OBJC_WEAK = YES;
				CLANG_WARN_BLOCK_CAPTURE_AUTORELEASING = YES;
				CLANG_WARN_BOOL_CONVERSION = YES;
				CLANG_WARN_COMMA = YES;
				CLANG_WARN_CONSTANT_CONVERSION = YES;
				CLANG_WARN_DEPRECATED_OBJC_IMPLEMENTATIONS = YES;
				CLANG_WARN_DIRECT_OBJC_ISA_USAGE = YES_ERROR;
				CLANG_WARN_DOCUMENTATION_COMMENTS = YES;
				CLANG_WARN_EMPTY_BODY = YES;
				CLANG_WARN_ENUM_CONVERSION = YES;
				CLANG_WARN_INFINITE_RECURSION = YES;
				CLANG_WARN_INT_CONVERSION = YES;
				CLANG_WARN_NON_LITERAL_NULL_CONVERSION = YES;
				CLANG_WARN_OBJC_IMPLICIT_RETAIN_SELF = YES;
				CLANG_WARN_OBJC_LITERAL_CONVERSION = YES;
				CLANG_WARN_OBJC_ROOT_CLASS = YES_ERROR;
				CLANG_WARN_QUOTED_INCLUDE_IN_FRAMEWORK_HEADER = YES;
				CLANG_WARN_RANGE_LOOP_ANALYSIS = YES;
				CLANG_WARN_STRICT_PROTOTYPES = YES;
				CLANG_WARN_SUSPICIOUS_MOVE = YES;
				CLANG_WARN_UNGUARDED_AVAILABILITY = YES_AGGRESSIVE;
				CLANG_WARN_UNREACHABLE_CODE = YES;
				CLANG_WARN__DUPLICATE_METHOD_MATCH = YES;
				COPY_PHASE_STRIP = NO;
				DEBUG_INFORMATION_FORMAT = "dwarf-with-dsym";
				ENABLE_NS_ASSERTIONS = NO;
				ENABLE_STRICT_OBJC_MSGSEND = YES;
				ENABLE_USER_SCRIPT_SANDBOXING = YES;
				GCC_C_LANGUAGE_STANDARD = gnu17;
				GCC_NO_COMMON_BLOCKS = YES;
				GCC_WARN_64_TO_32_BIT_CONVERSION = YES;
				GCC_WARN_ABOUT_RETURN_TYPE = YES_ERROR;
				GCC_WARN_UNDECLARED_SELECTOR = YES;
				GCC_WARN_UNINITIALIZED_AUTOS = YES_AGGRESSIVE;
				GCC_WARN_UNUSED_FUNCTION = YES;
				GCC_WARN_UNUSED_VARIABLE = YES;
				LOCALIZATION_PREFERS_STRING_CATALOGS = YES;
				MTL_ENABLE_DEBUG_INFO = NO;
				MTL_FAST_MATH = YES;
				SWIFT_COMPILATION_MODE = wholemodule;
			};
			name = Release;
		};
		24B95BE92BE0326100E6C123 /* Debug */ = {
			isa = XCBuildConfiguration;
			buildSettings = {
				ASSETCATALOG_COMPILER_APPICON_NAME = AppIcon;
				ASSETCATALOG_COMPILER_GLOBAL_ACCENT_COLOR_NAME = AccentColor;
				CODE_SIGN_ENTITLEMENTS = MarvelHeroes/MarvelHeroes.entitlements;
				CODE_SIGN_STYLE = Automatic;
				CURRENT_PROJECT_VERSION = 1;
				DEVELOPMENT_ASSET_PATHS = "\"MarvelHeroes/Preview Content\"";
				DEVELOPMENT_TEAM = LF68Z3YD8E;
				ENABLE_HARDENED_RUNTIME = YES;
				ENABLE_PREVIEWS = YES;
				GENERATE_INFOPLIST_FILE = YES;
				INFOPLIST_FILE = MarvelHeroes/Info.plist;
				"INFOPLIST_KEY_UIApplicationSceneManifest_Generation[sdk=iphoneos*]" = YES;
				"INFOPLIST_KEY_UIApplicationSceneManifest_Generation[sdk=iphonesimulator*]" = YES;
				"INFOPLIST_KEY_UIApplicationSupportsIndirectInputEvents[sdk=iphoneos*]" = YES;
				"INFOPLIST_KEY_UIApplicationSupportsIndirectInputEvents[sdk=iphonesimulator*]" = YES;
				"INFOPLIST_KEY_UILaunchScreen_Generation[sdk=iphoneos*]" = YES;
				"INFOPLIST_KEY_UILaunchScreen_Generation[sdk=iphonesimulator*]" = YES;
				"INFOPLIST_KEY_UIStatusBarStyle[sdk=iphoneos*]" = UIStatusBarStyleDefault;
				"INFOPLIST_KEY_UIStatusBarStyle[sdk=iphonesimulator*]" = UIStatusBarStyleDefault;
				INFOPLIST_KEY_UISupportedInterfaceOrientations_iPad = "UIInterfaceOrientationPortrait UIInterfaceOrientationPortraitUpsideDown UIInterfaceOrientationLandscapeLeft UIInterfaceOrientationLandscapeRight";
				INFOPLIST_KEY_UISupportedInterfaceOrientations_iPhone = "UIInterfaceOrientationPortrait UIInterfaceOrientationLandscapeLeft UIInterfaceOrientationLandscapeRight";
				IPHONEOS_DEPLOYMENT_TARGET = 17.4;
				LD_RUNPATH_SEARCH_PATHS = "@executable_path/Frameworks";
				"LD_RUNPATH_SEARCH_PATHS[sdk=macosx*]" = "@executable_path/../Frameworks";
				MACOSX_DEPLOYMENT_TARGET = 14.4;
				MARKETING_VERSION = 1.0;
				PRODUCT_BUNDLE_IDENTIFIER = com.covezcorp.MarvelHeroes.MarvelHeroes;
				PRODUCT_NAME = "$(TARGET_NAME)";
				SDKROOT = auto;
				SUPPORTED_PLATFORMS = "iphoneos iphonesimulator macosx";
				SWIFT_EMIT_LOC_STRINGS = YES;
				SWIFT_VERSION = 5.0;
				TARGETED_DEVICE_FAMILY = "1,2";
			};
			name = Debug;
		};
		24B95BEA2BE0326100E6C123 /* Release */ = {
			isa = XCBuildConfiguration;
			buildSettings = {
				ASSETCATALOG_COMPILER_APPICON_NAME = AppIcon;
				ASSETCATALOG_COMPILER_GLOBAL_ACCENT_COLOR_NAME = AccentColor;
				CODE_SIGN_ENTITLEMENTS = MarvelHeroes/MarvelHeroes.entitlements;
				CODE_SIGN_STYLE = Automatic;
				CURRENT_PROJECT_VERSION = 1;
				DEVELOPMENT_ASSET_PATHS = "\"MarvelHeroes/Preview Content\"";
				DEVELOPMENT_TEAM = LF68Z3YD8E;
				ENABLE_HARDENED_RUNTIME = YES;
				ENABLE_PREVIEWS = YES;
				GENERATE_INFOPLIST_FILE = YES;
				INFOPLIST_FILE = MarvelHeroes/Info.plist;
				"INFOPLIST_KEY_UIApplicationSceneManifest_Generation[sdk=iphoneos*]" = YES;
				"INFOPLIST_KEY_UIApplicationSceneManifest_Generation[sdk=iphonesimulator*]" = YES;
				"INFOPLIST_KEY_UIApplicationSupportsIndirectInputEvents[sdk=iphoneos*]" = YES;
				"INFOPLIST_KEY_UIApplicationSupportsIndirectInputEvents[sdk=iphonesimulator*]" = YES;
				"INFOPLIST_KEY_UILaunchScreen_Generation[sdk=iphoneos*]" = YES;
				"INFOPLIST_KEY_UILaunchScreen_Generation[sdk=iphonesimulator*]" = YES;
				"INFOPLIST_KEY_UIStatusBarStyle[sdk=iphoneos*]" = UIStatusBarStyleDefault;
				"INFOPLIST_KEY_UIStatusBarStyle[sdk=iphonesimulator*]" = UIStatusBarStyleDefault;
				INFOPLIST_KEY_UISupportedInterfaceOrientations_iPad = "UIInterfaceOrientationPortrait UIInterfaceOrientationPortraitUpsideDown UIInterfaceOrientationLandscapeLeft UIInterfaceOrientationLandscapeRight";
				INFOPLIST_KEY_UISupportedInterfaceOrientations_iPhone = "UIInterfaceOrientationPortrait UIInterfaceOrientationLandscapeLeft UIInterfaceOrientationLandscapeRight";
				IPHONEOS_DEPLOYMENT_TARGET = 17.4;
				LD_RUNPATH_SEARCH_PATHS = "@executable_path/Frameworks";
				"LD_RUNPATH_SEARCH_PATHS[sdk=macosx*]" = "@executable_path/../Frameworks";
				MACOSX_DEPLOYMENT_TARGET = 14.4;
				MARKETING_VERSION = 1.0;
				PRODUCT_BUNDLE_IDENTIFIER = com.covezcorp.MarvelHeroes.MarvelHeroes;
				PRODUCT_NAME = "$(TARGET_NAME)";
				SDKROOT = auto;
				SUPPORTED_PLATFORMS = "iphoneos iphonesimulator macosx";
				SWIFT_EMIT_LOC_STRINGS = YES;
				SWIFT_VERSION = 5.0;
				TARGETED_DEVICE_FAMILY = "1,2";
			};
			name = Release;
		};
		24B95BEC2BE0326100E6C123 /* Debug */ = {
			isa = XCBuildConfiguration;
			buildSettings = {
				ALWAYS_EMBED_SWIFT_STANDARD_LIBRARIES = YES;
				BUNDLE_LOADER = "$(TEST_HOST)";
				CODE_SIGN_STYLE = Automatic;
				CURRENT_PROJECT_VERSION = 1;
				DEVELOPMENT_TEAM = LF68Z3YD8E;
				GENERATE_INFOPLIST_FILE = YES;
				IPHONEOS_DEPLOYMENT_TARGET = 17.4;
				MACOSX_DEPLOYMENT_TARGET = 14.4;
				MARKETING_VERSION = 1.0;
				PRODUCT_BUNDLE_IDENTIFIER = com.covezcorp.MarvelHeroes.MarvelHeroesTests;
				PRODUCT_NAME = "$(TARGET_NAME)";
				SDKROOT = auto;
				SUPPORTED_PLATFORMS = "iphoneos iphonesimulator macosx";
				SWIFT_EMIT_LOC_STRINGS = NO;
				SWIFT_VERSION = 5.0;
				TARGETED_DEVICE_FAMILY = "1,2";
				TEST_HOST = "$(BUILT_PRODUCTS_DIR)/MarvelHeroes.app/$(BUNDLE_EXECUTABLE_FOLDER_PATH)/MarvelHeroes";
			};
			name = Debug;
		};
		24B95BED2BE0326100E6C123 /* Release */ = {
			isa = XCBuildConfiguration;
			buildSettings = {
				ALWAYS_EMBED_SWIFT_STANDARD_LIBRARIES = YES;
				BUNDLE_LOADER = "$(TEST_HOST)";
				CODE_SIGN_STYLE = Automatic;
				CURRENT_PROJECT_VERSION = 1;
				DEVELOPMENT_TEAM = LF68Z3YD8E;
				GENERATE_INFOPLIST_FILE = YES;
				IPHONEOS_DEPLOYMENT_TARGET = 17.4;
				MACOSX_DEPLOYMENT_TARGET = 14.4;
				MARKETING_VERSION = 1.0;
				PRODUCT_BUNDLE_IDENTIFIER = com.covezcorp.MarvelHeroes.MarvelHeroesTests;
				PRODUCT_NAME = "$(TARGET_NAME)";
				SDKROOT = auto;
				SUPPORTED_PLATFORMS = "iphoneos iphonesimulator macosx";
				SWIFT_EMIT_LOC_STRINGS = NO;
				SWIFT_VERSION = 5.0;
				TARGETED_DEVICE_FAMILY = "1,2";
				TEST_HOST = "$(BUILT_PRODUCTS_DIR)/MarvelHeroes.app/$(BUNDLE_EXECUTABLE_FOLDER_PATH)/MarvelHeroes";
			};
			name = Release;
		};
		24B95BEF2BE0326100E6C123 /* Debug */ = {
			isa = XCBuildConfiguration;
			buildSettings = {
				ALWAYS_EMBED_SWIFT_STANDARD_LIBRARIES = YES;
				CODE_SIGN_STYLE = Automatic;
				CURRENT_PROJECT_VERSION = 1;
				DEVELOPMENT_TEAM = LF68Z3YD8E;
				GENERATE_INFOPLIST_FILE = YES;
				IPHONEOS_DEPLOYMENT_TARGET = 17.4;
				MACOSX_DEPLOYMENT_TARGET = 14.4;
				MARKETING_VERSION = 1.0;
				PRODUCT_BUNDLE_IDENTIFIER = com.covezcorp.MarvelHeroes.MarvelHeroesUITests;
				PRODUCT_NAME = "$(TARGET_NAME)";
				SDKROOT = auto;
				SUPPORTED_PLATFORMS = "iphoneos iphonesimulator macosx";
				SWIFT_EMIT_LOC_STRINGS = NO;
				SWIFT_VERSION = 5.0;
				TARGETED_DEVICE_FAMILY = "1,2";
				TEST_TARGET_NAME = MarvelHeroes;
			};
			name = Debug;
		};
		24B95BF02BE0326100E6C123 /* Release */ = {
			isa = XCBuildConfiguration;
			buildSettings = {
				ALWAYS_EMBED_SWIFT_STANDARD_LIBRARIES = YES;
				CODE_SIGN_STYLE = Automatic;
				CURRENT_PROJECT_VERSION = 1;
				DEVELOPMENT_TEAM = LF68Z3YD8E;
				GENERATE_INFOPLIST_FILE = YES;
				IPHONEOS_DEPLOYMENT_TARGET = 17.4;
				MACOSX_DEPLOYMENT_TARGET = 14.4;
				MARKETING_VERSION = 1.0;
				PRODUCT_BUNDLE_IDENTIFIER = com.covezcorp.MarvelHeroes.MarvelHeroesUITests;
				PRODUCT_NAME = "$(TARGET_NAME)";
				SDKROOT = auto;
				SUPPORTED_PLATFORMS = "iphoneos iphonesimulator macosx";
				SWIFT_EMIT_LOC_STRINGS = NO;
				SWIFT_VERSION = 5.0;
				TARGETED_DEVICE_FAMILY = "1,2";
				TEST_TARGET_NAME = MarvelHeroes;
			};
			name = Release;
		};
/* End XCBuildConfiguration section */

/* Begin XCConfigurationList section */
		24B95BBE2BE0325F00E6C123 /* Build configuration list for PBXProject "MarvelHeroes" */ = {
			isa = XCConfigurationList;
			buildConfigurations = (
				24B95BE62BE0326100E6C123 /* Debug */,
				24B95BE72BE0326100E6C123 /* Release */,
			);
			defaultConfigurationIsVisible = 0;
			defaultConfigurationName = Release;
		};
		24B95BE82BE0326100E6C123 /* Build configuration list for PBXNativeTarget "MarvelHeroes" */ = {
			isa = XCConfigurationList;
			buildConfigurations = (
				24B95BE92BE0326100E6C123 /* Debug */,
				24B95BEA2BE0326100E6C123 /* Release */,
			);
			defaultConfigurationIsVisible = 0;
			defaultConfigurationName = Release;
		};
		24B95BEB2BE0326100E6C123 /* Build configuration list for PBXNativeTarget "MarvelHeroesTests" */ = {
			isa = XCConfigurationList;
			buildConfigurations = (
				24B95BEC2BE0326100E6C123 /* Debug */,
				24B95BED2BE0326100E6C123 /* Release */,
			);
			defaultConfigurationIsVisible = 0;
			defaultConfigurationName = Release;
		};
		24B95BEE2BE0326100E6C123 /* Build configuration list for PBXNativeTarget "MarvelHeroesUITests" */ = {
			isa = XCConfigurationList;
			buildConfigurations = (
				24B95BEF2BE0326100E6C123 /* Debug */,
				24B95BF02BE0326100E6C123 /* Release */,
			);
			defaultConfigurationIsVisible = 0;
			defaultConfigurationName = Release;
		};
/* End XCConfigurationList section */

/* Begin XCRemoteSwiftPackageReference section */
		24A23C9D2BE4445F0098E43D /* XCRemoteSwiftPackageReference "kingfisher" */ = {
			isa = XCRemoteSwiftPackageReference;
			repositoryURL = "https://github.com/onevcat/kingfisher.git";
			requirement = {
				kind = upToNextMajorVersion;
				minimumVersion = 7.11.0;
			};
		};
		24A23CA72BE71CA60098E43D /* XCRemoteSwiftPackageReference "ViewInspector" */ = {
			isa = XCRemoteSwiftPackageReference;
			repositoryURL = "https://github.com/nalexn/ViewInspector";
			requirement = {
				kind = upToNextMajorVersion;
				minimumVersion = 0.9.11;
			};
		};
/* End XCRemoteSwiftPackageReference section */

/* Begin XCSwiftPackageProductDependency section */
		24A23C9E2BE4445F0098E43D /* Kingfisher */ = {
			isa = XCSwiftPackageProductDependency;
			package = 24A23C9D2BE4445F0098E43D /* XCRemoteSwiftPackageReference "kingfisher" */;
			productName = Kingfisher;
		};
		24A23CA82BE71CA60098E43D /* ViewInspector */ = {
			isa = XCSwiftPackageProductDependency;
			package = 24A23CA72BE71CA60098E43D /* XCRemoteSwiftPackageReference "ViewInspector" */;
			productName = ViewInspector;
		};
/* End XCSwiftPackageProductDependency section */
	};
	rootObject = 24B95BBB2BE0325F00E6C123 /* Project object */;
}
